
Microsoft Visual Studio Solution File, Format Version 12.00
# Visual Studio Version 18
VisualStudioVersion = 18.6.11806.211 stable
MinimumVisualStudioVersion = 10.0.40219.1
Project("{FAE04EC0-301F-11D3-BF4B-00C04F79EFBC}") = "MarioCart3D", "MarioCart3D.csproj", "{740B1BDB-8D06-F8FF-4D08-7426B7378A15}"
EndProject
Global
	GlobalSection(SolutionConfigurationPlatforms) = preSolution
		Debug|Any CPU = Debug|Any CPU
		Release|Any CPU = Release|Any CPU
	EndGlobalSection
	GlobalSection(ProjectConfigurationPlatforms) = postSolution
		{740B1BDB-8D06-F8FF-4D08-7426B7378A15}.Debug|Any CPU.ActiveCfg = Debug|Any CPU
		{740B1BDB-8D06-F8FF-4D08-7426B7378A15}.Debug|Any CPU.Build.0 = Debug|Any CPU
		{740B1BDB-8D06-F8FF-4D08-7426B7378A15}.Release|Any CPU.ActiveCfg = Release|Any CPU
		{740B1BDB-8D06-F8FF-4D08-7426B7378A15}.Release|Any CPU.Build.0 = Release|Any CPU
	EndGlobalSection
	GlobalSection(SolutionProperties) = preSolution
		HideSolutionNode = FALSE
	EndGlobalSection
	GlobalSection(ExtensibilityGlobals) = postSolution
		SolutionGuid = {98E65903-5C5D-4D57-B241-F44752DB3E9E}
	EndGlobalSection
EndGlobal
